
Microsoft Visual Studio Solution File, Format Version 12.00
# Visual Studio 14
VisualStudioVersion = 14.0.25420.1
MinimumVisualStudioVersion = 10.0.40219.1
Project("{8BB2217D-0F2D-49D1-97BC-3654ED321F3B}") = "VetWebApp", "VetWebApp\VetWebApp.xproj", "{2C5EAF66-2F0F-4D4E-9FD5-7F3CBB31FFF8}"
EndProject
Project("{8BB2217D-0F2D-49D1-97BC-3654ED321F3B}") = "RESTAPI", "RESTAPI\RESTAPI.xproj", "{D0386C09-9B91-4938-9633-8D2D94992C10}"
EndProject
Project("{2150E333-8FDC-42A3-9474-1A3956D46DE8}") = "ServiceAccessLayer", "ServiceAccessLayer", "{96FA8C2E-98F5-4033-AB7C-72E77F1F59F0}"
EndProject
Project("{2150E333-8FDC-42A3-9474-1A3956D46DE8}") = "Client", "Client", "{190023C9-948D-4087-A8C0-9C8B87937F97}"
EndProject
Project("{2150E333-8FDC-42A3-9474-1A3956D46DE8}") = "Web", "Web", "{D0DDFFA8-38CD-406E-AA07-2D9AFB821D6C}"
EndProject
Project("{2150E333-8FDC-42A3-9474-1A3956D46DE8}") = "Win", "Win", "{0F62C9C1-265F-45C6-B0B3-CDE436D435C3}"
EndProject
Project("{FAE04EC0-301F-11D3-BF4B-00C04F79EFBC}") = "TesterClient", "TesterClient\TesterClient.csproj", "{298C2EB1-9075-4D44-9D80-0410F2CE0C49}"
EndProject
Project("{2150E333-8FDC-42A3-9474-1A3956D46DE8}") = "Lib", "Lib", "{13007AE5-39C4-470C-A935-4E90616BDCA6}"
EndProject
Project("{FAE04EC0-301F-11D3-BF4B-00C04F79EFBC}") = "RESTUtilLib", "RESTUtilLib\RESTUtilLib.csproj", "{D4A8E22B-766E-43FB-A3DD-54C2FD95084C}"
EndProject
Project("{2150E333-8FDC-42A3-9474-1A3956D46DE8}") = "BusinessFacadeLayer", "BusinessFacadeLayer", "{63C35418-2835-4256-84A0-B63B6C5AF342}"
EndProject
Project("{8BB2217D-0F2D-49D1-97BC-3654ED321F3B}") = "BusinessFacadeLayer", "BusinessFacadeLayer\BusinessFacadeLayer\BusinessFacadeLayer.xproj", "{03F8172D-2839-491F-B2EC-3EFA2AF4CB7F}"
EndProject
Project("{2150E333-8FDC-42A3-9474-1A3956D46DE8}") = "Common", "Common", "{143CF793-5703-4C87-B9F7-F78FB90B6630}"
EndProject
Project("{2150E333-8FDC-42A3-9474-1A3956D46DE8}") = "Backend", "Backend", "{6080EE97-F325-4D22-93DF-8B7F2ED42B75}"
EndProject
Project("{8BB2217D-0F2D-49D1-97BC-3654ED321F3B}") = "Common", "Common\Common.xproj", "{2DC0B1F3-486F-4300-8D2E-80DA5C948C17}"
EndProject
Project("{2150E333-8FDC-42A3-9474-1A3956D46DE8}") = "DataAccessLayer", "DataAccessLayer", "{72CACF46-81B0-42B2-84A5-E8A12E7B5791}"
EndProject
Project("{8BB2217D-0F2D-49D1-97BC-3654ED321F3B}") = "DataAccessLayer", "DataAccessLayer\DataAccessLayer.xproj", "{8946A22C-1DD7-48F6-99A2-36C99B43A967}"
EndProject
Global
	GlobalSection(SolutionConfigurationPlatforms) = preSolution
		Debug|Any CPU = Debug|Any CPU
		Debug|ARM = Debug|ARM
		Debug|x64 = Debug|x64
		Debug|x86 = Debug|x86
		Release|Any CPU = Release|Any CPU
		Release|ARM = Release|ARM
		Release|x64 = Release|x64
		Release|x86 = Release|x86
	EndGlobalSection
	GlobalSection(ProjectConfigurationPlatforms) = postSolution
		{2C5EAF66-2F0F-4D4E-9FD5-7F3CBB31FFF8}.Debug|Any CPU.ActiveCfg = Debug|Any CPU
		{2C5EAF66-2F0F-4D4E-9FD5-7F3CBB31FFF8}.Debug|Any CPU.Build.0 = Debug|Any CPU
		{2C5EAF66-2F0F-4D4E-9FD5-7F3CBB31FFF8}.Debug|ARM.ActiveCfg = Debug|Any CPU
		{2C5EAF66-2F0F-4D4E-9FD5-7F3CBB31FFF8}.Debug|ARM.Build.0 = Debug|Any CPU
		{2C5EAF66-2F0F-4D4E-9FD5-7F3CBB31FFF8}.Debug|x64.ActiveCfg = Debug|Any CPU
		{2C5EAF66-2F0F-4D4E-9FD5-7F3CBB31FFF8}.Debug|x64.Build.0 = Debug|Any CPU
		{2C5EAF66-2F0F-4D4E-9FD5-7F3CBB31FFF8}.Debug|x86.ActiveCfg = Debug|Any CPU
		{2C5EAF66-2F0F-4D4E-9FD5-7F3CBB31FFF8}.Debug|x86.Build.0 = Debug|Any CPU
		{2C5EAF66-2F0F-4D4E-9FD5-7F3CBB31FFF8}.Release|Any CPU.ActiveCfg = Release|Any CPU
		{2C5EAF66-2F0F-4D4E-9FD5-7F3CBB31FFF8}.Release|Any CPU.Build.0 = Release|Any CPU
		{2C5EAF66-2F0F-4D4E-9FD5-7F3CBB31FFF8}.Release|ARM.ActiveCfg = Release|Any CPU
		{2C5EAF66-2F0F-4D4E-9FD5-7F3CBB31FFF8}.Release|ARM.Build.0 = Release|Any CPU
		{2C5EAF66-2F0F-4D4E-9FD5-7F3CBB31FFF8}.Release|x64.ActiveCfg = Release|Any CPU
		{2C5EAF66-2F0F-4D4E-9FD5-7F3CBB31FFF8}.Release|x64.Build.0 = Release|Any CPU
		{2C5EAF66-2F0F-4D4E-9FD5-7F3CBB31FFF8}.Release|x86.ActiveCfg = Release|Any CPU
		{2C5EAF66-2F0F-4D4E-9FD5-7F3CBB31FFF8}.Release|x86.Build.0 = Release|Any CPU
		{D0386C09-9B91-4938-9633-8D2D94992C10}.Debug|Any CPU.ActiveCfg = Debug|Any CPU
		{D0386C09-9B91-4938-9633-8D2D94992C10}.Debug|Any CPU.Build.0 = Debug|Any CPU
		{D0386C09-9B91-4938-9633-8D2D94992C10}.Debug|ARM.ActiveCfg = Debug|Any CPU
		{D0386C09-9B91-4938-9633-8D2D94992C10}.Debug|ARM.Build.0 = Debug|Any CPU
		{D0386C09-9B91-4938-9633-8D2D94992C10}.Debug|x64.ActiveCfg = Debug|Any CPU
		{D0386C09-9B91-4938-9633-8D2D94992C10}.Debug|x64.Build.0 = Debug|Any CPU
		{D0386C09-9B91-4938-9633-8D2D94992C10}.Debug|x86.ActiveCfg = Debug|Any CPU
		{D0386C09-9B91-4938-9633-8D2D94992C10}.Debug|x86.Build.0 = Debug|Any CPU
		{D0386C09-9B91-4938-9633-8D2D94992C10}.Release|Any CPU.ActiveCfg = Release|Any CPU
		{D0386C09-9B91-4938-9633-8D2D94992C10}.Release|Any CPU.Build.0 = Release|Any CPU
		{D0386C09-9B91-4938-9633-8D2D94992C10}.Release|ARM.ActiveCfg = Release|Any CPU
		{D0386C09-9B91-4938-9633-8D2D94992C10}.Release|ARM.Build.0 = Release|Any CPU
		{D0386C09-9B91-4938-9633-8D2D94992C10}.Release|x64.ActiveCfg = Release|Any CPU
		{D0386C09-9B91-4938-9633-8D2D94992C10}.Release|x64.Build.0 = Release|Any CPU
		{D0386C09-9B91-4938-9633-8D2D94992C10}.Release|x86.ActiveCfg = Release|Any CPU
		{D0386C09-9B91-4938-9633-8D2D94992C10}.Release|x86.Build.0 = Release|Any CPU
		{298C2EB1-9075-4D44-9D80-0410F2CE0C49}.Debug|Any CPU.ActiveCfg = Debug|Any CPU
		{298C2EB1-9075-4D44-9D80-0410F2CE0C49}.Debug|Any CPU.Build.0 = Debug|Any CPU
		{298C2EB1-9075-4D44-9D80-0410F2CE0C49}.Debug|ARM.ActiveCfg = Debug|Any CPU
		{298C2EB1-9075-4D44-9D80-0410F2CE0C49}.Debug|ARM.Build.0 = Debug|Any CPU
		{298C2EB1-9075-4D44-9D80-0410F2CE0C49}.Debug|x64.ActiveCfg = Debug|Any CPU
		{298C2EB1-9075-4D44-9D80-0410F2CE0C49}.Debug|x64.Build.0 = Debug|Any CPU
		{298C2EB1-9075-4D44-9D80-0410F2CE0C49}.Debug|x86.ActiveCfg = Debug|Any CPU
		{298C2EB1-9075-4D44-9D80-0410F2CE0C49}.Debug|x86.Build.0 = Debug|Any CPU
		{298C2EB1-9075-4D44-9D80-0410F2CE0C49}.Release|Any CPU.ActiveCfg = Release|Any CPU
		{298C2EB1-9075-4D44-9D80-0410F2CE0C49}.Release|Any CPU.Build.0 = Release|Any CPU
		{298C2EB1-9075-4D44-9D80-0410F2CE0C49}.Release|ARM.ActiveCfg = Release|Any CPU
		{298C2EB1-9075-4D44-9D80-0410F2CE0C49}.Release|ARM.Build.0 = Release|Any CPU
		{298C2EB1-9075-4D44-9D80-0410F2CE0C49}.Release|x64.ActiveCfg = Release|Any CPU
		{298C2EB1-9075-4D44-9D80-0410F2CE0C49}.Release|x64.Build.0 = Release|Any CPU
		{298C2EB1-9075-4D44-9D80-0410F2CE0C49}.Release|x86.ActiveCfg = Release|Any CPU
		{298C2EB1-9075-4D44-9D80-0410F2CE0C49}.Release|x86.Build.0 = Release|Any CPU
		{D4A8E22B-766E-43FB-A3DD-54C2FD95084C}.Debug|Any CPU.ActiveCfg = Debug|Any CPU
		{D4A8E22B-766E-43FB-A3DD-54C2FD95084C}.Debug|Any CPU.Build.0 = Debug|Any CPU
		{D4A8E22B-766E-43FB-A3DD-54C2FD95084C}.Debug|ARM.ActiveCfg = Debug|Any CPU
		{D4A8E22B-766E-43FB-A3DD-54C2FD95084C}.Debug|ARM.Build.0 = Debug|Any CPU
		{D4A8E22B-766E-43FB-A3DD-54C2FD95084C}.Debug|x64.ActiveCfg = Debug|Any CPU
		{D4A8E22B-766E-43FB-A3DD-54C2FD95084C}.Debug|x64.Build.0 = Debug|Any CPU
		{D4A8E22B-766E-43FB-A3DD-54C2FD95084C}.Debug|x86.ActiveCfg = Debug|Any CPU
		{D4A8E22B-766E-43FB-A3DD-54C2FD95084C}.Debug|x86.Build.0 = Debug|Any CPU
		{D4A8E22B-766E-43FB-A3DD-54C2FD95084C}.Release|Any CPU.ActiveCfg = Release|Any CPU
		{D4A8E22B-766E-43FB-A3DD-54C2FD95084C}.Release|Any CPU.Build.0 = Release|Any CPU
		{D4A8E22B-766E-43FB-A3DD-54C2FD95084C}.Release|ARM.ActiveCfg = Release|Any CPU
		{D4A8E22B-766E-43FB-A3DD-54C2FD95084C}.Release|ARM.Build.0 = Release|Any CPU
		{D4A8E22B-766E-43FB-A3DD-54C2FD95084C}.Release|x64.ActiveCfg = Release|Any CPU
		{D4A8E22B-766E-43FB-A3DD-54C2FD95084C}.Release|x64.Build.0 = Release|Any CPU
		{D4A8E22B-766E-43FB-A3DD-54C2FD95084C}.Release|x86.ActiveCfg = Release|Any CPU
		{D4A8E22B-766E-43FB-A3DD-54C2FD95084C}.Release|x86.Build.0 = Release|Any CPU
		{03F8172D-2839-491F-B2EC-3EFA2AF4CB7F}.Debug|Any CPU.ActiveCfg = Debug|Any CPU
		{03F8172D-2839-491F-B2EC-3EFA2AF4CB7F}.Debug|Any CPU.Build.0 = Debug|Any CPU
		{03F8172D-2839-491F-B2EC-3EFA2AF4CB7F}.Debug|ARM.ActiveCfg = Debug|Any CPU
		{03F8172D-2839-491F-B2EC-3EFA2AF4CB7F}.Debug|ARM.Build.0 = Debug|Any CPU
		{03F8172D-2839-491F-B2EC-3EFA2AF4CB7F}.Debug|x64.ActiveCfg = Debug|Any CPU
		{03F8172D-2839-491F-B2EC-3EFA2AF4CB7F}.Debug|x64.Build.0 = Debug|Any CPU
		{03F8172D-2839-491F-B2EC-3EFA2AF4CB7F}.Debug|x86.ActiveCfg = Debug|Any CPU
		{03F8172D-2839-491F-B2EC-3EFA2AF4CB7F}.Debug|x86.Build.0 = Debug|Any CPU
		{03F8172D-2839-491F-B2EC-3EFA2AF4CB7F}.Release|Any CPU.ActiveCfg = Release|Any CPU
		{03F8172D-2839-491F-B2EC-3EFA2AF4CB7F}.Release|Any CPU.Build.0 = Release|Any CPU
		{03F8172D-2839-491F-B2EC-3EFA2AF4CB7F}.Release|ARM.ActiveCfg = Release|Any CPU
		{03F8172D-2839-491F-B2EC-3EFA2AF4CB7F}.Release|ARM.Build.0 = Release|Any CPU
		{03F8172D-2839-491F-B2EC-3EFA2AF4CB7F}.Release|x64.ActiveCfg = Release|Any CPU
		{03F8172D-2839-491F-B2EC-3EFA2AF4CB7F}.Release|x64.Build.0 = Release|Any CPU
		{03F8172D-2839-491F-B2EC-3EFA2AF4CB7F}.Release|x86.ActiveCfg = Release|Any CPU
		{03F8172D-2839-491F-B2EC-3EFA2AF4CB7F}.Release|x86.Build.0 = Release|Any CPU
		{2DC0B1F3-486F-4300-8D2E-80DA5C948C17}.Debug|Any CPU.ActiveCfg = Debug|Any CPU
		{2DC0B1F3-486F-4300-8D2E-80DA5C948C17}.Debug|Any CPU.Build.0 = Debug|Any CPU
		{2DC0B1F3-486F-4300-8D2E-80DA5C948C17}.Debug|ARM.ActiveCfg = Debug|Any CPU
		{2DC0B1F3-486F-4300-8D2E-80DA5C948C17}.Debug|ARM.Build.0 = Debug|Any CPU
		{2DC0B1F3-486F-4300-8D2E-80DA5C948C17}.Debug|x64.ActiveCfg = Debug|Any CPU
		{2DC0B1F3-486F-4300-8D2E-80DA5C948C17}.Debug|x64.Build.0 = Debug|Any CPU
		{2DC0B1F3-486F-4300-8D2E-80DA5C948C17}.Debug|x86.ActiveCfg = Debug|Any CPU
		{2DC0B1F3-486F-4300-8D2E-80DA5C948C17}.Debug|x86.Build.0 = Debug|Any CPU
		{2DC0B1F3-486F-4300-8D2E-80DA5C948C17}.Release|Any CPU.ActiveCfg = Release|Any CPU
		{2DC0B1F3-486F-4300-8D2E-80DA5C948C17}.Release|Any CPU.Build.0 = Release|Any CPU
		{2DC0B1F3-486F-4300-8D2E-80DA5C948C17}.Release|ARM.ActiveCfg = Release|Any CPU
		{2DC0B1F3-486F-4300-8D2E-80DA5C948C17}.Release|ARM.Build.0 = Release|Any CPU
		{2DC0B1F3-486F-4300-8D2E-80DA5C948C17}.Release|x64.ActiveCfg = Release|Any CPU
		{2DC0B1F3-486F-4300-8D2E-80DA5C948C17}.Release|x64.Build.0 = Release|Any CPU
		{2DC0B1F3-486F-4300-8D2E-80DA5C948C17}.Release|x86.ActiveCfg = Release|Any CPU
		{2DC0B1F3-486F-4300-8D2E-80DA5C948C17}.Release|x86.Build.0 = Release|Any CPU
		{8946A22C-1DD7-48F6-99A2-36C99B43A967}.Debug|Any CPU.ActiveCfg = Debug|Any CPU
		{8946A22C-1DD7-48F6-99A2-36C99B43A967}.Debug|Any CPU.Build.0 = Debug|Any CPU
		{8946A22C-1DD7-48F6-99A2-36C99B43A967}.Debug|ARM.ActiveCfg = Debug|Any CPU
		{8946A22C-1DD7-48F6-99A2-36C99B43A967}.Debug|ARM.Build.0 = Debug|Any CPU
		{8946A22C-1DD7-48F6-99A2-36C99B43A967}.Debug|x64.ActiveCfg = Debug|Any CPU
		{8946A22C-1DD7-48F6-99A2-36C99B43A967}.Debug|x64.Build.0 = Debug|Any CPU
		{8946A22C-1DD7-48F6-99A2-36C99B43A967}.Debug|x86.ActiveCfg = Debug|Any CPU
		{8946A22C-1DD7-48F6-99A2-36C99B43A967}.Debug|x86.Build.0 = Debug|Any CPU
		{8946A22C-1DD7-48F6-99A2-36C99B43A967}.Release|Any CPU.ActiveCfg = Release|Any CPU
		{8946A22C-1DD7-48F6-99A2-36C99B43A967}.Release|Any CPU.Build.0 = Release|Any CPU
		{8946A22C-1DD7-48F6-99A2-36C99B43A967}.Release|ARM.ActiveCfg = Release|Any CPU
		{8946A22C-1DD7-48F6-99A2-36C99B43A967}.Release|ARM.Build.0 = Release|Any CPU
		{8946A22C-1DD7-48F6-99A2-36C99B43A967}.Release|x64.ActiveCfg = Release|Any CPU
		{8946A22C-1DD7-48F6-99A2-36C99B43A967}.Release|x64.Build.0 = Release|Any CPU
		{8946A22C-1DD7-48F6-99A2-36C99B43A967}.Release|x86.ActiveCfg = Release|Any CPU
		{8946A22C-1DD7-48F6-99A2-36C99B43A967}.Release|x86.Build.0 = Release|Any CPU
	EndGlobalSection
	GlobalSection(SolutionProperties) = preSolution
		HideSolutionNode = FALSE
	EndGlobalSection
	GlobalSection(NestedProjects) = preSolution
		{2C5EAF66-2F0F-4D4E-9FD5-7F3CBB31FFF8} = {D0DDFFA8-38CD-406E-AA07-2D9AFB821D6C}
		{D0386C09-9B91-4938-9633-8D2D94992C10} = {96FA8C2E-98F5-4033-AB7C-72E77F1F59F0}
		{96FA8C2E-98F5-4033-AB7C-72E77F1F59F0} = {6080EE97-F325-4D22-93DF-8B7F2ED42B75}
		{D0DDFFA8-38CD-406E-AA07-2D9AFB821D6C} = {190023C9-948D-4087-A8C0-9C8B87937F97}
		{0F62C9C1-265F-45C6-B0B3-CDE436D435C3} = {190023C9-948D-4087-A8C0-9C8B87937F97}
		{298C2EB1-9075-4D44-9D80-0410F2CE0C49} = {0F62C9C1-265F-45C6-B0B3-CDE436D435C3}
		{13007AE5-39C4-470C-A935-4E90616BDCA6} = {0F62C9C1-265F-45C6-B0B3-CDE436D435C3}
		{D4A8E22B-766E-43FB-A3DD-54C2FD95084C} = {13007AE5-39C4-470C-A935-4E90616BDCA6}
		{63C35418-2835-4256-84A0-B63B6C5AF342} = {6080EE97-F325-4D22-93DF-8B7F2ED42B75}
		{03F8172D-2839-491F-B2EC-3EFA2AF4CB7F} = {63C35418-2835-4256-84A0-B63B6C5AF342}
		{143CF793-5703-4C87-B9F7-F78FB90B6630} = {6080EE97-F325-4D22-93DF-8B7F2ED42B75}
		{2DC0B1F3-486F-4300-8D2E-80DA5C948C17} = {143CF793-5703-4C87-B9F7-F78FB90B6630}
		{72CACF46-81B0-42B2-84A5-E8A12E7B5791} = {6080EE97-F325-4D22-93DF-8B7F2ED42B75}
		{8946A22C-1DD7-48F6-99A2-36C99B43A967} = {72CACF46-81B0-42B2-84A5-E8A12E7B5791}
	EndGlobalSection
EndGlobal
