
Microsoft Visual Studio Solution File, Format Version 12.00
# Visual Studio 14
VisualStudioVersion = 14.0.25420.1
MinimumVisualStudioVersion = 10.0.40219.1
Project("{8BB2217D-0F2D-49D1-97BC-3654ED321F3B}") = "RESTAPI", "RESTAPI\RESTAPI.xproj", "{D0386C09-9B91-4938-9633-8D2D94992C10}"
EndProject
Project("{2150E333-8FDC-42A3-9474-1A3956D46DE8}") = "Client", "Client", "{190023C9-948D-4087-A8C0-9C8B87937F97}"
EndProject
Project("{2150E333-8FDC-42A3-9474-1A3956D46DE8}") = "Web", "Web", "{D0DDFFA8-38CD-406E-AA07-2D9AFB821D6C}"
EndProject
Project("{2150E333-8FDC-42A3-9474-1A3956D46DE8}") = "Win", "Win", "{0F62C9C1-265F-45C6-B0B3-CDE436D435C3}"
EndProject
Project("{FAE04EC0-301F-11D3-BF4B-00C04F79EFBC}") = "TesterClient", "TesterClient\TesterClient.csproj", "{298C2EB1-9075-4D44-9D80-0410F2CE0C49}"
EndProject
Project("{FAE04EC0-301F-11D3-BF4B-00C04F79EFBC}") = "RESTUtilLib", "RESTUtilLib\RESTUtilLib.csproj", "{D4A8E22B-766E-43FB-A3DD-54C2FD95084C}"
EndProject
Project("{2150E333-8FDC-42A3-9474-1A3956D46DE8}") = "Backend", "Backend", "{6080EE97-F325-4D22-93DF-8B7F2ED42B75}"
EndProject
Project("{2150E333-8FDC-42A3-9474-1A3956D46DE8}") = "Solution Items", "Solution Items", "{1F454989-A31D-46D0-917A-FA2D3B52B696}"
	ProjectSection(SolutionItems) = preProject
		global.json = global.json
	EndProjectSection
EndProject
Project("{FAE04EC0-301F-11D3-BF4B-00C04F79EFBC}") = "Proxy", "Proxy\Proxy.csproj", "{727A8F52-C841-401C-B8BE-9AAB333FC01D}"
EndProject
Project("{2150E333-8FDC-42A3-9474-1A3956D46DE8}") = "Generator", "Generator", "{64F66ACB-94DC-4037-AE6B-20ADA67CEBDE}"
EndProject
Project("{FAE04EC0-301F-11D3-BF4B-00C04F79EFBC}") = "CodeGenerator", "Generator\CodeGenerator.csproj", "{442D6DFB-17D2-4954-B19C-D729501EDB37}"
EndProject
Project("{8BB2217D-0F2D-49D1-97BC-3654ED321F3B}") = "DataAccessLayer", "DataAccessLayer\DataAccessLayer.xproj", "{B43A518E-AC0D-4975-A4AB-24CB96110A78}"
EndProject
Project("{8BB2217D-0F2D-49D1-97BC-3654ED321F3B}") = "Common", "Common\Common.xproj", "{708F2428-3F1F-4DF7-8876-561586074660}"
EndProject
Project("{8BB2217D-0F2D-49D1-97BC-3654ED321F3B}") = "BusinessAccessLayer", "BusinessAccessLayer\BusinessAccessLayer.xproj", "{00920B4C-F169-4F83-A0CC-68D6F9F40C36}"
EndProject
Project("{8BB2217D-0F2D-49D1-97BC-3654ED321F3B}") = "BusinessFacadeLayer", "BusinessFacadeLayer\BusinessFacadeLayer.xproj", "{A8E74C7F-38D6-44B8-BA5D-F2009582C49D}"
EndProject
Project("{FAE04EC0-301F-11D3-BF4B-00C04F79EFBC}") = "CalculatorSite", "CalculatorSite\CalculatorSite.csproj", "{617502FF-28D6-4559-8508-BFCE96F00DCC}"
EndProject
Project("{2150E333-8FDC-42A3-9474-1A3956D46DE8}") = "Lib", "Lib", "{447DA754-336B-4409-A0E5-61593D30ACE5}"
EndProject
Project("{8BB2217D-0F2D-49D1-97BC-3654ED321F3B}") = "MainSite", "MainSite4\MainSite.xproj", "{F29B3F1B-0228-45F0-B3C2-54EBD34F98DE}"
EndProject
Project("{8BB2217D-0F2D-49D1-97BC-3654ED321F3B}") = "SampleWebApp1", "SampleWebApp1\SampleWebApp1.xproj", "{360F5393-A351-4141-BA62-275A7D150C61}"
EndProject
Project("{8BB2217D-0F2D-49D1-97BC-3654ED321F3B}") = "ProxyCore", "ProxyCore\ProxyCore.xproj", "{FB96E3EA-5317-4A5F-948C-8B4FDF2B086A}"
EndProject
Global
	GlobalSection(SolutionConfigurationPlatforms) = preSolution
		Debug|Any CPU = Debug|Any CPU
		Debug|ARM = Debug|ARM
		Debug|x64 = Debug|x64
		Debug|x86 = Debug|x86
		Release|Any CPU = Release|Any CPU
		Release|ARM = Release|ARM
		Release|x64 = Release|x64
		Release|x86 = Release|x86
	EndGlobalSection
	GlobalSection(ProjectConfigurationPlatforms) = postSolution
		{D0386C09-9B91-4938-9633-8D2D94992C10}.Debug|Any CPU.ActiveCfg = Debug|Any CPU
		{D0386C09-9B91-4938-9633-8D2D94992C10}.Debug|Any CPU.Build.0 = Debug|Any CPU
		{D0386C09-9B91-4938-9633-8D2D94992C10}.Debug|ARM.ActiveCfg = Debug|Any CPU
		{D0386C09-9B91-4938-9633-8D2D94992C10}.Debug|ARM.Build.0 = Debug|Any CPU
		{D0386C09-9B91-4938-9633-8D2D94992C10}.Debug|x64.ActiveCfg = Debug|Any CPU
		{D0386C09-9B91-4938-9633-8D2D94992C10}.Debug|x64.Build.0 = Debug|Any CPU
		{D0386C09-9B91-4938-9633-8D2D94992C10}.Debug|x86.ActiveCfg = Debug|Any CPU
		{D0386C09-9B91-4938-9633-8D2D94992C10}.Debug|x86.Build.0 = Debug|Any CPU
		{D0386C09-9B91-4938-9633-8D2D94992C10}.Release|Any CPU.ActiveCfg = Release|Any CPU
		{D0386C09-9B91-4938-9633-8D2D94992C10}.Release|Any CPU.Build.0 = Release|Any CPU
		{D0386C09-9B91-4938-9633-8D2D94992C10}.Release|ARM.ActiveCfg = Release|Any CPU
		{D0386C09-9B91-4938-9633-8D2D94992C10}.Release|ARM.Build.0 = Release|Any CPU
		{D0386C09-9B91-4938-9633-8D2D94992C10}.Release|x64.ActiveCfg = Release|Any CPU
		{D0386C09-9B91-4938-9633-8D2D94992C10}.Release|x64.Build.0 = Release|Any CPU
		{D0386C09-9B91-4938-9633-8D2D94992C10}.Release|x86.ActiveCfg = Release|Any CPU
		{D0386C09-9B91-4938-9633-8D2D94992C10}.Release|x86.Build.0 = Release|Any CPU
		{298C2EB1-9075-4D44-9D80-0410F2CE0C49}.Debug|Any CPU.ActiveCfg = Debug|Any CPU
		{298C2EB1-9075-4D44-9D80-0410F2CE0C49}.Debug|Any CPU.Build.0 = Debug|Any CPU
		{298C2EB1-9075-4D44-9D80-0410F2CE0C49}.Debug|ARM.ActiveCfg = Debug|Any CPU
		{298C2EB1-9075-4D44-9D80-0410F2CE0C49}.Debug|ARM.Build.0 = Debug|Any CPU
		{298C2EB1-9075-4D44-9D80-0410F2CE0C49}.Debug|x64.ActiveCfg = Debug|Any CPU
		{298C2EB1-9075-4D44-9D80-0410F2CE0C49}.Debug|x64.Build.0 = Debug|Any CPU
		{298C2EB1-9075-4D44-9D80-0410F2CE0C49}.Debug|x86.ActiveCfg = Debug|Any CPU
		{298C2EB1-9075-4D44-9D80-0410F2CE0C49}.Debug|x86.Build.0 = Debug|Any CPU
		{298C2EB1-9075-4D44-9D80-0410F2CE0C49}.Release|Any CPU.ActiveCfg = Release|Any CPU
		{298C2EB1-9075-4D44-9D80-0410F2CE0C49}.Release|Any CPU.Build.0 = Release|Any CPU
		{298C2EB1-9075-4D44-9D80-0410F2CE0C49}.Release|ARM.ActiveCfg = Release|Any CPU
		{298C2EB1-9075-4D44-9D80-0410F2CE0C49}.Release|ARM.Build.0 = Release|Any CPU
		{298C2EB1-9075-4D44-9D80-0410F2CE0C49}.Release|x64.ActiveCfg = Release|Any CPU
		{298C2EB1-9075-4D44-9D80-0410F2CE0C49}.Release|x64.Build.0 = Release|Any CPU
		{298C2EB1-9075-4D44-9D80-0410F2CE0C49}.Release|x86.ActiveCfg = Release|Any CPU
		{298C2EB1-9075-4D44-9D80-0410F2CE0C49}.Release|x86.Build.0 = Release|Any CPU
		{D4A8E22B-766E-43FB-A3DD-54C2FD95084C}.Debug|Any CPU.ActiveCfg = Debug|Any CPU
		{D4A8E22B-766E-43FB-A3DD-54C2FD95084C}.Debug|Any CPU.Build.0 = Debug|Any CPU
		{D4A8E22B-766E-43FB-A3DD-54C2FD95084C}.Debug|ARM.ActiveCfg = Debug|Any CPU
		{D4A8E22B-766E-43FB-A3DD-54C2FD95084C}.Debug|ARM.Build.0 = Debug|Any CPU
		{D4A8E22B-766E-43FB-A3DD-54C2FD95084C}.Debug|x64.ActiveCfg = Debug|Any CPU
		{D4A8E22B-766E-43FB-A3DD-54C2FD95084C}.Debug|x64.Build.0 = Debug|Any CPU
		{D4A8E22B-766E-43FB-A3DD-54C2FD95084C}.Debug|x86.ActiveCfg = Debug|Any CPU
		{D4A8E22B-766E-43FB-A3DD-54C2FD95084C}.Debug|x86.Build.0 = Debug|Any CPU
		{D4A8E22B-766E-43FB-A3DD-54C2FD95084C}.Release|Any CPU.ActiveCfg = Release|Any CPU
		{D4A8E22B-766E-43FB-A3DD-54C2FD95084C}.Release|Any CPU.Build.0 = Release|Any CPU
		{D4A8E22B-766E-43FB-A3DD-54C2FD95084C}.Release|ARM.ActiveCfg = Release|Any CPU
		{D4A8E22B-766E-43FB-A3DD-54C2FD95084C}.Release|ARM.Build.0 = Release|Any CPU
		{D4A8E22B-766E-43FB-A3DD-54C2FD95084C}.Release|x64.ActiveCfg = Release|Any CPU
		{D4A8E22B-766E-43FB-A3DD-54C2FD95084C}.Release|x64.Build.0 = Release|Any CPU
		{D4A8E22B-766E-43FB-A3DD-54C2FD95084C}.Release|x86.ActiveCfg = Release|Any CPU
		{D4A8E22B-766E-43FB-A3DD-54C2FD95084C}.Release|x86.Build.0 = Release|Any CPU
		{727A8F52-C841-401C-B8BE-9AAB333FC01D}.Debug|Any CPU.ActiveCfg = Debug|Any CPU
		{727A8F52-C841-401C-B8BE-9AAB333FC01D}.Debug|Any CPU.Build.0 = Debug|Any CPU
		{727A8F52-C841-401C-B8BE-9AAB333FC01D}.Debug|ARM.ActiveCfg = Debug|Any CPU
		{727A8F52-C841-401C-B8BE-9AAB333FC01D}.Debug|ARM.Build.0 = Debug|Any CPU
		{727A8F52-C841-401C-B8BE-9AAB333FC01D}.Debug|x64.ActiveCfg = Debug|Any CPU
		{727A8F52-C841-401C-B8BE-9AAB333FC01D}.Debug|x64.Build.0 = Debug|Any CPU
		{727A8F52-C841-401C-B8BE-9AAB333FC01D}.Debug|x86.ActiveCfg = Debug|Any CPU
		{727A8F52-C841-401C-B8BE-9AAB333FC01D}.Debug|x86.Build.0 = Debug|Any CPU
		{727A8F52-C841-401C-B8BE-9AAB333FC01D}.Release|Any CPU.ActiveCfg = Release|Any CPU
		{727A8F52-C841-401C-B8BE-9AAB333FC01D}.Release|Any CPU.Build.0 = Release|Any CPU
		{727A8F52-C841-401C-B8BE-9AAB333FC01D}.Release|ARM.ActiveCfg = Release|Any CPU
		{727A8F52-C841-401C-B8BE-9AAB333FC01D}.Release|ARM.Build.0 = Release|Any CPU
		{727A8F52-C841-401C-B8BE-9AAB333FC01D}.Release|x64.ActiveCfg = Release|Any CPU
		{727A8F52-C841-401C-B8BE-9AAB333FC01D}.Release|x64.Build.0 = Release|Any CPU
		{727A8F52-C841-401C-B8BE-9AAB333FC01D}.Release|x86.ActiveCfg = Release|Any CPU
		{727A8F52-C841-401C-B8BE-9AAB333FC01D}.Release|x86.Build.0 = Release|Any CPU
		{442D6DFB-17D2-4954-B19C-D729501EDB37}.Debug|Any CPU.ActiveCfg = Debug|Any CPU
		{442D6DFB-17D2-4954-B19C-D729501EDB37}.Debug|Any CPU.Build.0 = Debug|Any CPU
		{442D6DFB-17D2-4954-B19C-D729501EDB37}.Debug|ARM.ActiveCfg = Debug|Any CPU
		{442D6DFB-17D2-4954-B19C-D729501EDB37}.Debug|ARM.Build.0 = Debug|Any CPU
		{442D6DFB-17D2-4954-B19C-D729501EDB37}.Debug|x64.ActiveCfg = Debug|Any CPU
		{442D6DFB-17D2-4954-B19C-D729501EDB37}.Debug|x64.Build.0 = Debug|Any CPU
		{442D6DFB-17D2-4954-B19C-D729501EDB37}.Debug|x86.ActiveCfg = Debug|Any CPU
		{442D6DFB-17D2-4954-B19C-D729501EDB37}.Debug|x86.Build.0 = Debug|Any CPU
		{442D6DFB-17D2-4954-B19C-D729501EDB37}.Release|Any CPU.ActiveCfg = Release|Any CPU
		{442D6DFB-17D2-4954-B19C-D729501EDB37}.Release|Any CPU.Build.0 = Release|Any CPU
		{442D6DFB-17D2-4954-B19C-D729501EDB37}.Release|ARM.ActiveCfg = Release|Any CPU
		{442D6DFB-17D2-4954-B19C-D729501EDB37}.Release|ARM.Build.0 = Release|Any CPU
		{442D6DFB-17D2-4954-B19C-D729501EDB37}.Release|x64.ActiveCfg = Release|Any CPU
		{442D6DFB-17D2-4954-B19C-D729501EDB37}.Release|x64.Build.0 = Release|Any CPU
		{442D6DFB-17D2-4954-B19C-D729501EDB37}.Release|x86.ActiveCfg = Release|Any CPU
		{442D6DFB-17D2-4954-B19C-D729501EDB37}.Release|x86.Build.0 = Release|Any CPU
		{B43A518E-AC0D-4975-A4AB-24CB96110A78}.Debug|Any CPU.ActiveCfg = Debug|Any CPU
		{B43A518E-AC0D-4975-A4AB-24CB96110A78}.Debug|Any CPU.Build.0 = Debug|Any CPU
		{B43A518E-AC0D-4975-A4AB-24CB96110A78}.Debug|ARM.ActiveCfg = Debug|Any CPU
		{B43A518E-AC0D-4975-A4AB-24CB96110A78}.Debug|ARM.Build.0 = Debug|Any CPU
		{B43A518E-AC0D-4975-A4AB-24CB96110A78}.Debug|x64.ActiveCfg = Debug|Any CPU
		{B43A518E-AC0D-4975-A4AB-24CB96110A78}.Debug|x64.Build.0 = Debug|Any CPU
		{B43A518E-AC0D-4975-A4AB-24CB96110A78}.Debug|x86.ActiveCfg = Debug|Any CPU
		{B43A518E-AC0D-4975-A4AB-24CB96110A78}.Debug|x86.Build.0 = Debug|Any CPU
		{B43A518E-AC0D-4975-A4AB-24CB96110A78}.Release|Any CPU.ActiveCfg = Release|Any CPU
		{B43A518E-AC0D-4975-A4AB-24CB96110A78}.Release|Any CPU.Build.0 = Release|Any CPU
		{B43A518E-AC0D-4975-A4AB-24CB96110A78}.Release|ARM.ActiveCfg = Release|Any CPU
		{B43A518E-AC0D-4975-A4AB-24CB96110A78}.Release|ARM.Build.0 = Release|Any CPU
		{B43A518E-AC0D-4975-A4AB-24CB96110A78}.Release|x64.ActiveCfg = Release|Any CPU
		{B43A518E-AC0D-4975-A4AB-24CB96110A78}.Release|x64.Build.0 = Release|Any CPU
		{B43A518E-AC0D-4975-A4AB-24CB96110A78}.Release|x86.ActiveCfg = Release|Any CPU
		{B43A518E-AC0D-4975-A4AB-24CB96110A78}.Release|x86.Build.0 = Release|Any CPU
		{708F2428-3F1F-4DF7-8876-561586074660}.Debug|Any CPU.ActiveCfg = Debug|Any CPU
		{708F2428-3F1F-4DF7-8876-561586074660}.Debug|Any CPU.Build.0 = Debug|Any CPU
		{708F2428-3F1F-4DF7-8876-561586074660}.Debug|ARM.ActiveCfg = Debug|Any CPU
		{708F2428-3F1F-4DF7-8876-561586074660}.Debug|ARM.Build.0 = Debug|Any CPU
		{708F2428-3F1F-4DF7-8876-561586074660}.Debug|x64.ActiveCfg = Debug|Any CPU
		{708F2428-3F1F-4DF7-8876-561586074660}.Debug|x64.Build.0 = Debug|Any CPU
		{708F2428-3F1F-4DF7-8876-561586074660}.Debug|x86.ActiveCfg = Debug|Any CPU
		{708F2428-3F1F-4DF7-8876-561586074660}.Debug|x86.Build.0 = Debug|Any CPU
		{708F2428-3F1F-4DF7-8876-561586074660}.Release|Any CPU.ActiveCfg = Release|Any CPU
		{708F2428-3F1F-4DF7-8876-561586074660}.Release|Any CPU.Build.0 = Release|Any CPU
		{708F2428-3F1F-4DF7-8876-561586074660}.Release|ARM.ActiveCfg = Release|Any CPU
		{708F2428-3F1F-4DF7-8876-561586074660}.Release|ARM.Build.0 = Release|Any CPU
		{708F2428-3F1F-4DF7-8876-561586074660}.Release|x64.ActiveCfg = Release|Any CPU
		{708F2428-3F1F-4DF7-8876-561586074660}.Release|x64.Build.0 = Release|Any CPU
		{708F2428-3F1F-4DF7-8876-561586074660}.Release|x86.ActiveCfg = Release|Any CPU
		{708F2428-3F1F-4DF7-8876-561586074660}.Release|x86.Build.0 = Release|Any CPU
		{00920B4C-F169-4F83-A0CC-68D6F9F40C36}.Debug|Any CPU.ActiveCfg = Debug|Any CPU
		{00920B4C-F169-4F83-A0CC-68D6F9F40C36}.Debug|Any CPU.Build.0 = Debug|Any CPU
		{00920B4C-F169-4F83-A0CC-68D6F9F40C36}.Debug|ARM.ActiveCfg = Debug|Any CPU
		{00920B4C-F169-4F83-A0CC-68D6F9F40C36}.Debug|ARM.Build.0 = Debug|Any CPU
		{00920B4C-F169-4F83-A0CC-68D6F9F40C36}.Debug|x64.ActiveCfg = Debug|Any CPU
		{00920B4C-F169-4F83-A0CC-68D6F9F40C36}.Debug|x64.Build.0 = Debug|Any CPU
		{00920B4C-F169-4F83-A0CC-68D6F9F40C36}.Debug|x86.ActiveCfg = Debug|Any CPU
		{00920B4C-F169-4F83-A0CC-68D6F9F40C36}.Debug|x86.Build.0 = Debug|Any CPU
		{00920B4C-F169-4F83-A0CC-68D6F9F40C36}.Release|Any CPU.ActiveCfg = Release|Any CPU
		{00920B4C-F169-4F83-A0CC-68D6F9F40C36}.Release|Any CPU.Build.0 = Release|Any CPU
		{00920B4C-F169-4F83-A0CC-68D6F9F40C36}.Release|ARM.ActiveCfg = Release|Any CPU
		{00920B4C-F169-4F83-A0CC-68D6F9F40C36}.Release|ARM.Build.0 = Release|Any CPU
		{00920B4C-F169-4F83-A0CC-68D6F9F40C36}.Release|x64.ActiveCfg = Release|Any CPU
		{00920B4C-F169-4F83-A0CC-68D6F9F40C36}.Release|x64.Build.0 = Release|Any CPU
		{00920B4C-F169-4F83-A0CC-68D6F9F40C36}.Release|x86.ActiveCfg = Release|Any CPU
		{00920B4C-F169-4F83-A0CC-68D6F9F40C36}.Release|x86.Build.0 = Release|Any CPU
		{A8E74C7F-38D6-44B8-BA5D-F2009582C49D}.Debug|Any CPU.ActiveCfg = Debug|Any CPU
		{A8E74C7F-38D6-44B8-BA5D-F2009582C49D}.Debug|Any CPU.Build.0 = Debug|Any CPU
		{A8E74C7F-38D6-44B8-BA5D-F2009582C49D}.Debug|ARM.ActiveCfg = Debug|Any CPU
		{A8E74C7F-38D6-44B8-BA5D-F2009582C49D}.Debug|ARM.Build.0 = Debug|Any CPU
		{A8E74C7F-38D6-44B8-BA5D-F2009582C49D}.Debug|x64.ActiveCfg = Debug|Any CPU
		{A8E74C7F-38D6-44B8-BA5D-F2009582C49D}.Debug|x64.Build.0 = Debug|Any CPU
		{A8E74C7F-38D6-44B8-BA5D-F2009582C49D}.Debug|x86.ActiveCfg = Debug|Any CPU
		{A8E74C7F-38D6-44B8-BA5D-F2009582C49D}.Debug|x86.Build.0 = Debug|Any CPU
		{A8E74C7F-38D6-44B8-BA5D-F2009582C49D}.Release|Any CPU.ActiveCfg = Release|Any CPU
		{A8E74C7F-38D6-44B8-BA5D-F2009582C49D}.Release|Any CPU.Build.0 = Release|Any CPU
		{A8E74C7F-38D6-44B8-BA5D-F2009582C49D}.Release|ARM.ActiveCfg = Release|Any CPU
		{A8E74C7F-38D6-44B8-BA5D-F2009582C49D}.Release|ARM.Build.0 = Release|Any CPU
		{A8E74C7F-38D6-44B8-BA5D-F2009582C49D}.Release|x64.ActiveCfg = Release|Any CPU
		{A8E74C7F-38D6-44B8-BA5D-F2009582C49D}.Release|x64.Build.0 = Release|Any CPU
		{A8E74C7F-38D6-44B8-BA5D-F2009582C49D}.Release|x86.ActiveCfg = Release|Any CPU
		{A8E74C7F-38D6-44B8-BA5D-F2009582C49D}.Release|x86.Build.0 = Release|Any CPU
		{617502FF-28D6-4559-8508-BFCE96F00DCC}.Debug|Any CPU.ActiveCfg = Debug|Any CPU
		{617502FF-28D6-4559-8508-BFCE96F00DCC}.Debug|Any CPU.Build.0 = Debug|Any CPU
		{617502FF-28D6-4559-8508-BFCE96F00DCC}.Debug|ARM.ActiveCfg = Debug|Any CPU
		{617502FF-28D6-4559-8508-BFCE96F00DCC}.Debug|ARM.Build.0 = Debug|Any CPU
		{617502FF-28D6-4559-8508-BFCE96F00DCC}.Debug|x64.ActiveCfg = Debug|Any CPU
		{617502FF-28D6-4559-8508-BFCE96F00DCC}.Debug|x64.Build.0 = Debug|Any CPU
		{617502FF-28D6-4559-8508-BFCE96F00DCC}.Debug|x86.ActiveCfg = Debug|Any CPU
		{617502FF-28D6-4559-8508-BFCE96F00DCC}.Debug|x86.Build.0 = Debug|Any CPU
		{617502FF-28D6-4559-8508-BFCE96F00DCC}.Release|Any CPU.ActiveCfg = Release|Any CPU
		{617502FF-28D6-4559-8508-BFCE96F00DCC}.Release|Any CPU.Build.0 = Release|Any CPU
		{617502FF-28D6-4559-8508-BFCE96F00DCC}.Release|ARM.ActiveCfg = Release|Any CPU
		{617502FF-28D6-4559-8508-BFCE96F00DCC}.Release|ARM.Build.0 = Release|Any CPU
		{617502FF-28D6-4559-8508-BFCE96F00DCC}.Release|x64.ActiveCfg = Release|Any CPU
		{617502FF-28D6-4559-8508-BFCE96F00DCC}.Release|x64.Build.0 = Release|Any CPU
		{617502FF-28D6-4559-8508-BFCE96F00DCC}.Release|x86.ActiveCfg = Release|Any CPU
		{617502FF-28D6-4559-8508-BFCE96F00DCC}.Release|x86.Build.0 = Release|Any CPU
		{F29B3F1B-0228-45F0-B3C2-54EBD34F98DE}.Debug|Any CPU.ActiveCfg = Debug|Any CPU
		{F29B3F1B-0228-45F0-B3C2-54EBD34F98DE}.Debug|Any CPU.Build.0 = Debug|Any CPU
		{F29B3F1B-0228-45F0-B3C2-54EBD34F98DE}.Debug|ARM.ActiveCfg = Debug|Any CPU
		{F29B3F1B-0228-45F0-B3C2-54EBD34F98DE}.Debug|ARM.Build.0 = Debug|Any CPU
		{F29B3F1B-0228-45F0-B3C2-54EBD34F98DE}.Debug|x64.ActiveCfg = Debug|Any CPU
		{F29B3F1B-0228-45F0-B3C2-54EBD34F98DE}.Debug|x64.Build.0 = Debug|Any CPU
		{F29B3F1B-0228-45F0-B3C2-54EBD34F98DE}.Debug|x86.ActiveCfg = Debug|Any CPU
		{F29B3F1B-0228-45F0-B3C2-54EBD34F98DE}.Debug|x86.Build.0 = Debug|Any CPU
		{F29B3F1B-0228-45F0-B3C2-54EBD34F98DE}.Release|Any CPU.ActiveCfg = Release|Any CPU
		{F29B3F1B-0228-45F0-B3C2-54EBD34F98DE}.Release|Any CPU.Build.0 = Release|Any CPU
		{F29B3F1B-0228-45F0-B3C2-54EBD34F98DE}.Release|ARM.ActiveCfg = Release|Any CPU
		{F29B3F1B-0228-45F0-B3C2-54EBD34F98DE}.Release|ARM.Build.0 = Release|Any CPU
		{F29B3F1B-0228-45F0-B3C2-54EBD34F98DE}.Release|x64.ActiveCfg = Release|Any CPU
		{F29B3F1B-0228-45F0-B3C2-54EBD34F98DE}.Release|x64.Build.0 = Release|Any CPU
		{F29B3F1B-0228-45F0-B3C2-54EBD34F98DE}.Release|x86.ActiveCfg = Release|Any CPU
		{F29B3F1B-0228-45F0-B3C2-54EBD34F98DE}.Release|x86.Build.0 = Release|Any CPU
		{360F5393-A351-4141-BA62-275A7D150C61}.Debug|Any CPU.ActiveCfg = Debug|Any CPU
		{360F5393-A351-4141-BA62-275A7D150C61}.Debug|Any CPU.Build.0 = Debug|Any CPU
		{360F5393-A351-4141-BA62-275A7D150C61}.Debug|ARM.ActiveCfg = Debug|Any CPU
		{360F5393-A351-4141-BA62-275A7D150C61}.Debug|ARM.Build.0 = Debug|Any CPU
		{360F5393-A351-4141-BA62-275A7D150C61}.Debug|x64.ActiveCfg = Debug|Any CPU
		{360F5393-A351-4141-BA62-275A7D150C61}.Debug|x64.Build.0 = Debug|Any CPU
		{360F5393-A351-4141-BA62-275A7D150C61}.Debug|x86.ActiveCfg = Debug|Any CPU
		{360F5393-A351-4141-BA62-275A7D150C61}.Debug|x86.Build.0 = Debug|Any CPU
		{360F5393-A351-4141-BA62-275A7D150C61}.Release|Any CPU.ActiveCfg = Release|Any CPU
		{360F5393-A351-4141-BA62-275A7D150C61}.Release|Any CPU.Build.0 = Release|Any CPU
		{360F5393-A351-4141-BA62-275A7D150C61}.Release|ARM.ActiveCfg = Release|Any CPU
		{360F5393-A351-4141-BA62-275A7D150C61}.Release|ARM.Build.0 = Release|Any CPU
		{360F5393-A351-4141-BA62-275A7D150C61}.Release|x64.ActiveCfg = Release|Any CPU
		{360F5393-A351-4141-BA62-275A7D150C61}.Release|x64.Build.0 = Release|Any CPU
		{360F5393-A351-4141-BA62-275A7D150C61}.Release|x86.ActiveCfg = Release|Any CPU
		{360F5393-A351-4141-BA62-275A7D150C61}.Release|x86.Build.0 = Release|Any CPU
		{FB96E3EA-5317-4A5F-948C-8B4FDF2B086A}.Debug|Any CPU.ActiveCfg = Debug|Any CPU
		{FB96E3EA-5317-4A5F-948C-8B4FDF2B086A}.Debug|Any CPU.Build.0 = Debug|Any CPU
		{FB96E3EA-5317-4A5F-948C-8B4FDF2B086A}.Debug|ARM.ActiveCfg = Debug|Any CPU
		{FB96E3EA-5317-4A5F-948C-8B4FDF2B086A}.Debug|ARM.Build.0 = Debug|Any CPU
		{FB96E3EA-5317-4A5F-948C-8B4FDF2B086A}.Debug|x64.ActiveCfg = Debug|Any CPU
		{FB96E3EA-5317-4A5F-948C-8B4FDF2B086A}.Debug|x64.Build.0 = Debug|Any CPU
		{FB96E3EA-5317-4A5F-948C-8B4FDF2B086A}.Debug|x86.ActiveCfg = Debug|Any CPU
		{FB96E3EA-5317-4A5F-948C-8B4FDF2B086A}.Debug|x86.Build.0 = Debug|Any CPU
		{FB96E3EA-5317-4A5F-948C-8B4FDF2B086A}.Release|Any CPU.ActiveCfg = Release|Any CPU
		{FB96E3EA-5317-4A5F-948C-8B4FDF2B086A}.Release|Any CPU.Build.0 = Release|Any CPU
		{FB96E3EA-5317-4A5F-948C-8B4FDF2B086A}.Release|ARM.ActiveCfg = Release|Any CPU
		{FB96E3EA-5317-4A5F-948C-8B4FDF2B086A}.Release|ARM.Build.0 = Release|Any CPU
		{FB96E3EA-5317-4A5F-948C-8B4FDF2B086A}.Release|x64.ActiveCfg = Release|Any CPU
		{FB96E3EA-5317-4A5F-948C-8B4FDF2B086A}.Release|x64.Build.0 = Release|Any CPU
		{FB96E3EA-5317-4A5F-948C-8B4FDF2B086A}.Release|x86.ActiveCfg = Release|Any CPU
		{FB96E3EA-5317-4A5F-948C-8B4FDF2B086A}.Release|x86.Build.0 = Release|Any CPU
	EndGlobalSection
	GlobalSection(SolutionProperties) = preSolution
		HideSolutionNode = FALSE
	EndGlobalSection
	GlobalSection(NestedProjects) = preSolution
		{D0386C09-9B91-4938-9633-8D2D94992C10} = {6080EE97-F325-4D22-93DF-8B7F2ED42B75}
		{D0DDFFA8-38CD-406E-AA07-2D9AFB821D6C} = {190023C9-948D-4087-A8C0-9C8B87937F97}
		{0F62C9C1-265F-45C6-B0B3-CDE436D435C3} = {190023C9-948D-4087-A8C0-9C8B87937F97}
		{298C2EB1-9075-4D44-9D80-0410F2CE0C49} = {0F62C9C1-265F-45C6-B0B3-CDE436D435C3}
		{D4A8E22B-766E-43FB-A3DD-54C2FD95084C} = {447DA754-336B-4409-A0E5-61593D30ACE5}
		{727A8F52-C841-401C-B8BE-9AAB333FC01D} = {447DA754-336B-4409-A0E5-61593D30ACE5}
		{442D6DFB-17D2-4954-B19C-D729501EDB37} = {64F66ACB-94DC-4037-AE6B-20ADA67CEBDE}
		{B43A518E-AC0D-4975-A4AB-24CB96110A78} = {6080EE97-F325-4D22-93DF-8B7F2ED42B75}
		{708F2428-3F1F-4DF7-8876-561586074660} = {6080EE97-F325-4D22-93DF-8B7F2ED42B75}
		{00920B4C-F169-4F83-A0CC-68D6F9F40C36} = {6080EE97-F325-4D22-93DF-8B7F2ED42B75}
		{A8E74C7F-38D6-44B8-BA5D-F2009582C49D} = {6080EE97-F325-4D22-93DF-8B7F2ED42B75}
		{617502FF-28D6-4559-8508-BFCE96F00DCC} = {D0DDFFA8-38CD-406E-AA07-2D9AFB821D6C}
		{F29B3F1B-0228-45F0-B3C2-54EBD34F98DE} = {D0DDFFA8-38CD-406E-AA07-2D9AFB821D6C}
		{360F5393-A351-4141-BA62-275A7D150C61} = {D0DDFFA8-38CD-406E-AA07-2D9AFB821D6C}
		{FB96E3EA-5317-4A5F-948C-8B4FDF2B086A} = {447DA754-336B-4409-A0E5-61593D30ACE5}
	EndGlobalSection
EndGlobal
