
Microsoft Visual Studio Solution File, Format Version 12.00
# Visual Studio 14
VisualStudioVersion = 14.0.25420.1
MinimumVisualStudioVersion = 10.0.40219.1
Project("{FAE04EC0-301F-11D3-BF4B-00C04F79EFBC}") = "MainSite", "MainSite\MainSite.csproj", "{BA418DB4-77FE-4D69-A14E-3827D87BED94}"
EndProject
Project("{E24C65DC-7377-472B-9ABA-BC803B73C61A}") = "PDFForms", "PDFForms\", "{88AF252A-9D94-40C0-A645-0AA85DD1ABA7}"
	ProjectSection(WebsiteProperties) = preProject
		TargetFrameworkMoniker = ".NETFramework,Version%3Dv4.0"
		Debug.AspNetCompiler.VirtualPath = "/localhost_56374"
		Debug.AspNetCompiler.PhysicalPath = "PDFForms\"
		Debug.AspNetCompiler.TargetPath = "PrecompiledWeb\localhost_56374\"
		Debug.AspNetCompiler.Updateable = "true"
		Debug.AspNetCompiler.ForceOverwrite = "true"
		Debug.AspNetCompiler.FixedNames = "false"
		Debug.AspNetCompiler.Debug = "True"
		Release.AspNetCompiler.VirtualPath = "/localhost_56374"
		Release.AspNetCompiler.PhysicalPath = "PDFForms\"
		Release.AspNetCompiler.TargetPath = "PrecompiledWeb\localhost_56374\"
		Release.AspNetCompiler.Updateable = "true"
		Release.AspNetCompiler.ForceOverwrite = "true"
		Release.AspNetCompiler.FixedNames = "false"
		Release.AspNetCompiler.Debug = "False"
		VWDPort = "56374"
		SlnRelativePath = "PDFForms\"
	EndProjectSection
EndProject
Project("{FAE04EC0-301F-11D3-BF4B-00C04F79EFBC}") = "SchemaHolder", "SchemaHolder\SchemaHolder.csproj", "{C9F384BA-E304-4FE4-A771-BE60E47C4A80}"
EndProject
Project("{FAE04EC0-301F-11D3-BF4B-00C04F79EFBC}") = "CodeGenerator", "Generator\CodeGenerator.csproj", "{442D6DFB-17D2-4954-B19C-D729501EDB37}"
EndProject
Project("{FAE04EC0-301F-11D3-BF4B-00C04F79EFBC}") = "WidgetClientSite", "WidgetClientSite\WidgetClientSite.csproj", "{E15734D2-FB20-473C-A3FA-4EDB66A543E9}"
EndProject
Global
	GlobalSection(SolutionConfigurationPlatforms) = preSolution
		Debug|Any CPU = Debug|Any CPU
		Release|Any CPU = Release|Any CPU
	EndGlobalSection
	GlobalSection(ProjectConfigurationPlatforms) = postSolution
		{BA418DB4-77FE-4D69-A14E-3827D87BED94}.Debug|Any CPU.ActiveCfg = Debug|Any CPU
		{BA418DB4-77FE-4D69-A14E-3827D87BED94}.Debug|Any CPU.Build.0 = Debug|Any CPU
		{BA418DB4-77FE-4D69-A14E-3827D87BED94}.Release|Any CPU.ActiveCfg = Release|Any CPU
		{BA418DB4-77FE-4D69-A14E-3827D87BED94}.Release|Any CPU.Build.0 = Release|Any CPU
		{88AF252A-9D94-40C0-A645-0AA85DD1ABA7}.Debug|Any CPU.ActiveCfg = Debug|Any CPU
		{88AF252A-9D94-40C0-A645-0AA85DD1ABA7}.Debug|Any CPU.Build.0 = Debug|Any CPU
		{88AF252A-9D94-40C0-A645-0AA85DD1ABA7}.Release|Any CPU.ActiveCfg = Debug|Any CPU
		{88AF252A-9D94-40C0-A645-0AA85DD1ABA7}.Release|Any CPU.Build.0 = Debug|Any CPU
		{C9F384BA-E304-4FE4-A771-BE60E47C4A80}.Debug|Any CPU.ActiveCfg = Debug|Any CPU
		{C9F384BA-E304-4FE4-A771-BE60E47C4A80}.Debug|Any CPU.Build.0 = Debug|Any CPU
		{C9F384BA-E304-4FE4-A771-BE60E47C4A80}.Release|Any CPU.ActiveCfg = Release|Any CPU
		{C9F384BA-E304-4FE4-A771-BE60E47C4A80}.Release|Any CPU.Build.0 = Release|Any CPU
		{442D6DFB-17D2-4954-B19C-D729501EDB37}.Debug|Any CPU.ActiveCfg = Debug|Any CPU
		{442D6DFB-17D2-4954-B19C-D729501EDB37}.Debug|Any CPU.Build.0 = Debug|Any CPU
		{442D6DFB-17D2-4954-B19C-D729501EDB37}.Release|Any CPU.ActiveCfg = Release|Any CPU
		{442D6DFB-17D2-4954-B19C-D729501EDB37}.Release|Any CPU.Build.0 = Release|Any CPU
		{E15734D2-FB20-473C-A3FA-4EDB66A543E9}.Debug|Any CPU.ActiveCfg = Debug|Any CPU
		{E15734D2-FB20-473C-A3FA-4EDB66A543E9}.Debug|Any CPU.Build.0 = Debug|Any CPU
		{E15734D2-FB20-473C-A3FA-4EDB66A543E9}.Release|Any CPU.ActiveCfg = Release|Any CPU
		{E15734D2-FB20-473C-A3FA-4EDB66A543E9}.Release|Any CPU.Build.0 = Release|Any CPU
	EndGlobalSection
	GlobalSection(SolutionProperties) = preSolution
		HideSolutionNode = FALSE
	EndGlobalSection
EndGlobal
